
Microsoft Visual Studio Solution File, Format Version 12.00
# Visual Studio Version 17
VisualStudioVersion = 17.6.33815.320
MinimumVisualStudioVersion = 10.0.40219.1
Project("{FAE04EC0-301F-11D3-BF4B-00C04F79EFBC}") = "BD_MDS", "BD_MDS\BD_MDS.csproj", "{2C98F169-6833-4BE8-9BAC-5FF208E5614E}"
EndProject
Global
	GlobalSection(SolutionConfigurationPlatforms) = preSolution
		Debug|Any CPU = Debug|Any CPU
		Release|Any CPU = Release|Any CPU
	EndGlobalSection
	GlobalSection(ProjectConfigurationPlatforms) = postSolution
		{2C98F169-6833-4BE8-9BAC-5FF208E5614E}.Debug|Any CPU.ActiveCfg = Debug|Any CPU
		{2C98F169-6833-4BE8-9BAC-5FF208E5614E}.Debug|Any CPU.Build.0 = Debug|Any CPU
		{2C98F169-6833-4BE8-9BAC-5FF208E5614E}.Release|Any CPU.ActiveCfg = Release|Any CPU
		{2C98F169-6833-4BE8-9BAC-5FF208E5614E}.Release|Any CPU.Build.0 = Release|Any CPU
	EndGlobalSection
	GlobalSection(SolutionProperties) = preSolution
		HideSolutionNode = FALSE
	EndGlobalSection
	GlobalSection(ExtensibilityGlobals) = postSolution
		SolutionGuid = {CE2DC8CF-373C-44CF-BA1C-4E530ED63B4B}
	EndGlobalSection
EndGlobal
